
Microsoft Visual Studio Solution File, Format Version 12.00
# Visual Studio Version 16
VisualStudioVersion = 16.0.31410.357
MinimumVisualStudioVersion = 10.0.40219.1
Project("{FAE04EC0-301F-11D3-BF4B-00C04F79EFBC}") = "leet", "leet\leet.csproj", "{203D72B6-9FA9-4C51-9074-9D5D71108F4F}"
EndProject
Global
	GlobalSection(SolutionConfigurationPlatforms) = preSolution
		Debug|Any CPU = Debug|Any CPU
		Release|Any CPU = Release|Any CPU
	EndGlobalSection
	GlobalSection(ProjectConfigurationPlatforms) = postSolution
		{203D72B6-9FA9-4C51-9074-9D5D71108F4F}.Debug|Any CPU.ActiveCfg = Debug|Any CPU
		{203D72B6-9FA9-4C51-9074-9D5D71108F4F}.Debug|Any CPU.Build.0 = Debug|Any CPU
		{203D72B6-9FA9-4C51-9074-9D5D71108F4F}.Release|Any CPU.ActiveCfg = Release|Any CPU
		{203D72B6-9FA9-4C51-9074-9D5D71108F4F}.Release|Any CPU.Build.0 = Release|Any CPU
	EndGlobalSection
	GlobalSection(SolutionProperties) = preSolution
		HideSolutionNode = FALSE
	EndGlobalSection
	GlobalSection(ExtensibilityGlobals) = postSolution
		SolutionGuid = {6A29B45A-1454-417D-8E71-782AED4FA29B}
	EndGlobalSection
EndGlobal
